// !$*UTF8*$!
{
	archiveVersion = 1;
	classes = {
	};
	objectVersion = 46;
	objects = {

/* Begin PBXBuildFile section */
		C228E1771F24FF7D003C7B5E /* AppDelegate.swift in Sources */ = {isa = PBXBuildFile; fileRef = C228E1761F24FF7D003C7B5E /* AppDelegate.swift */; };
		C228E1791F24FF7D003C7B5E /* ViewController.swift in Sources */ = {isa = PBXBuildFile; fileRef = C228E1781F24FF7D003C7B5E /* ViewController.swift */; };
		C228E17C1F24FF7D003C7B5E /* Main.storyboard in Resources */ = {isa = PBXBuildFile; fileRef = C228E17A1F24FF7D003C7B5E /* Main.storyboard */; };
		C228E17E1F24FF7D003C7B5E /* Assets.xcassets in Resources */ = {isa = PBXBuildFile; fileRef = C228E17D1F24FF7D003C7B5E /* Assets.xcassets */; };
		C228E1811F24FF7D003C7B5E /* LaunchScreen.storyboard in Resources */ = {isa = PBXBuildFile; fileRef = C228E17F1F24FF7D003C7B5E /* LaunchScreen.storyboard */; };
/* End PBXBuildFile section */

/* Begin PBXFileReference section */
		C228E1731F24FF7D003C7B5E /* CollectionViewHorizontalAnimation.app */ = {isa = PBXFileReference; explicitFileType = wrapper.application; includeInIndex = 0; path = CollectionViewHorizontalAnimation.app; sourceTree = BUILT_PRODUCTS_DIR; };
		C228E1761F24FF7D003C7B5E /* AppDelegate.swift */ = {isa = PBXFileReference; lastKnownFileType = sourcecode.swift; path = AppDelegate.swift; sourceTree = "<group>"; };
		C228E1781F24FF7D003C7B5E /* ViewController.swift */ = {isa = PBXFileReference; lastKnownFileType = sourcecode.swift; path = ViewController.swift; sourceTree = "<group>"; };
		C228E17B1F24FF7D003C7B5E /* Base */ = {isa = PBXFileReference; lastKnownFileType = file.storyboard; name = Base; path = Base.lproj/Main.storyboard; sourceTree = "<group>"; };
		C228E17D1F24FF7D003C7B5E /* Assets.xcassets */ = {isa = PBXFileReference; lastKnownFileType = folder.assetcatalog; path = Assets.xcassets; sourceTree = "<group>"; };
		C228E1801F24FF7D003C7B5E /* Base */ = {isa = PBXFileReference; lastKnownFileType = file.storyboard; name = Base; path = Base.lproj/LaunchScreen.storyboard; sourceTree = "<group>"; };
		C228E1821F24FF7D003C7B5E /* Info.plist */ = {isa = PBXFileReference; lastKnownFileType = text.plist.xml; path = Info.plist; sourceTree = "<group>"; };
/* End PBXFileReference section */

/* Begin PBXFrameworksBuildPhase section */
		C228E1701F24FF7D003C7B5E /* Frameworks */ = {
			isa = PBXFrameworksBuildPhase;
			buildActionMask = 2147483647;
			files = (
			);
			runOnlyForDeploymentPostprocessing = 0;
		};
/* End PBXFrameworksBuildPhase section */

/* Begin PBXGroup section */
		C228E16A1F24FF7D003C7B5E = {
			isa = PBXGroup;
			children = (
				C228E1751F24FF7D003C7B5E /* CollectionViewHorizontalAnimation */,
				C228E1741F24FF7D003C7B5E /* Products */,
			);
			sourceTree = "<group>";
		};
		C228E1741F24FF7D003C7B5E /* Products */ = {
			isa = PBXGroup;
			children = (
				C228E1731F24FF7D003C7B5E /* CollectionViewHorizontalAnimation.app */,
			);
			name = Products;
			sourceTree = "<group>";
		};
		C228E1751F24FF7D003C7B5E /* CollectionViewHorizontalAnimation */ = {
			isa = PBXGroup;
			children = (
				C228E1761F24FF7D003C7B5E /* AppDelegate.swift */,
				C228E1781F24FF7D003C7B5E /* ViewController.swift */,
				C228E17A1F24FF7D003C7B5E /* Main.storyboard */,
				C228E17D1F24FF7D003C7B5E /* Assets.xcassets */,
				C228E17F1F24FF7D003C7B5E /* LaunchScreen.storyboard */,
				C228E1821F24FF7D003C7B5E /* Info.plist */,
			);
			path = CollectionViewHorizontalAnimation;
			sourceTree = "<group>";
		};
/* End PBXGroup section */

/* Begin PBXNativeTarget section */
		C228E1721F24FF7D003C7B5E /* CollectionViewHorizontalAnimation */ = {
			isa = PBXNativeTarget;
			buildConfigurationList = C228E1851F24FF7D003C7B5E /* Build configuration list for PBXNativeTarget "CollectionViewHorizontalAnimation" */;
			buildPhases = (
				C228E16F1F24FF7D003C7B5E /* Sources */,
				C228E1701F24FF7D003C7B5E /* Frameworks */,
				C228E1711F24FF7D003C7B5E /* Resources */,
			);
			buildRules = (
			);
			dependencies = (
			);
			name = CollectionViewHorizontalAnimation;
			productName = CollectionViewHorizontalAnimation;
			productReference = C228E1731F24FF7D003C7B5E /* CollectionViewHorizontalAnimation.app */;
			productType = "com.apple.product-type.application";
		};
/* End PBXNativeTarget section */

/* Begin PBXProject section */
		C228E16B1F24FF7D003C7B5E /* Project object */ = {
			isa = PBXProject;
			attributes = {
				LastSwiftUpdateCheck = 0830;
				LastUpgradeCheck = 0830;
				ORGANIZATIONNAME = SriRama;
				TargetAttributes = {
					C228E1721F24FF7D003C7B5E = {
						CreatedOnToolsVersion = 8.3.3;
						ProvisioningStyle = Automatic;
					};
				};
			};
			buildConfigurationList = C228E16E1F24FF7D003C7B5E /* Build configuration list for PBXProject "CollectionViewHorizontalAnimation" */;
			compatibilityVersion = "Xcode 3.2";
			developmentRegion = English;
			hasScannedForEncodings = 0;
			knownRegions = (
				en,
				Base,
			);
			mainGroup = C228E16A1F24FF7D003C7B5E;
			productRefGroup = C228E1741F24FF7D003C7B5E /* Products */;
			projectDirPath = "";
			projectRoot = "";
			targets = (
				C228E1721F24FF7D003C7B5E /* CollectionViewHorizontalAnimation */,
			);
		};
/* End PBXProject section */

/* Begin PBXResourcesBuildPhase section */
		C228E1711F24FF7D003C7B5E /* Resources */ = {
			isa = PBXResourcesBuildPhase;
			buildActionMask = 2147483647;
			files = (
				C228E1811F24FF7D003C7B5E /* LaunchScreen.storyboard in Resources */,
				C228E17E1F24FF7D003C7B5E /* Assets.xcassets in Resources */,
				C228E17C1F24FF7D003C7B5E /* Main.storyboard in Resources */,
			);
			runOnlyForDeploymentPostprocessing = 0;
		};
/* End PBXResourcesBuildPhase section */

/* Begin PBXSourcesBuildPhase section */
		C228E16F1F24FF7D003C7B5E /* Sources */ = {
			isa = PBXSourcesBuildPhase;
			buildActionMask = 2147483647;
			files = (
				C228E1791F24FF7D003C7B5E /* ViewController.swift in Sources */,
				C228E1771F24FF7D003C7B5E /* AppDelegate.swift in Sources */,
			);
			runOnlyForDeploymentPostprocessing = 0;
		};
/* End PBXSourcesBuildPhase section */

/* Begin PBXVariantGroup section */
		C228E17A1F24FF7D003C7B5E /* Main.storyboard */ = {
			isa = PBXVariantGroup;
			children = (
				C228E17B1F24FF7D003C7B5E /* Base */,
			);
			name = Main.storyboard;
			sourceTree = "<group>";
		};
		C228E17F1F24FF7D003C7B5E /* LaunchScreen.storyboard */ = {
			isa = PBXVariantGroup;
			children = (
				C228E1801F24FF7D003C7B5E /* Base */,
			);
			name = LaunchScreen.storyboard;
			sourceTree = "<group>";
		};
/* End PBXVariantGroup section */

/* Begin XCBuildConfiguration section */
		C228E1831F24FF7D003C7B5E /* Debug */ = {
			isa = XCBuildConfiguration;
			buildSettings = {
				ALWAYS_SEARCH_USER_PATHS = NO;
				CLANG_ANALYZER_NONNULL = YES;
				CLANG_ANALYZER_NUMBER_OBJECT_CONVERSION = YES_AGGRESSIVE;
				CLANG_CXX_LANGUAGE_STANDARD = "gnu++0x";
				CLANG_CXX_LIBRARY = "libc++";
				CLANG_ENABLE_MODULES = YES;
				CLANG_ENABLE_OBJC_ARC = YES;
				CLANG_WARN_BOOL_CONVERSION = YES;
				CLANG_WARN_CONSTANT_CONVERSION = YES;
				CLANG_WARN_DIRECT_OBJC_ISA_USAGE = YES_ERROR;
				CLANG_WARN_DOCUMENTATION_COMMENTS = YES;
				CLANG_WARN_EMPTY_BODY = YES;
				CLANG_WARN_ENUM_CONVERSION = YES;
				CLANG_WARN_INFINITE_RECURSION = YES;
				CLANG_WARN_INT_CONVERSION = YES;
				CLANG_WARN_OBJC_ROOT_CLASS = YES_ERROR;
				CLANG_WARN_SUSPICIOUS_MOVE = YES;
				CLANG_WARN_UNREACHABLE_CODE = YES;
				CLANG_WARN__DUPLICATE_METHOD_MATCH = YES;
				"CODE_SIGN_IDENTITY[sdk=iphoneos*]" = "iPhone Developer";
				COPY_PHASE_STRIP = NO;
				DEBUG_INFORMATION_FORMAT = dwarf;
				ENABLE_STRICT_OBJC_MSGSEND = YES;
				ENABLE_TESTABILITY = YES;
				GCC_C_LANGUAGE_STANDARD = gnu99;
				GCC_DYNAMIC_NO_PIC = NO;
				GCC_NO_COMMON_BLOCKS = YES;
				GCC_OPTIMIZATION_LEVEL = 0;
				GCC_PREPROCESSOR_DEFINITIONS = (
					"DEBUG=1",
					"$(inherited)",
				);
				GCC_WARN_64_TO_32_BIT_CONVERSION = YES;
				GCC_WARN_ABOUT_RETURN_TYPE = YES_ERROR;
				GCC_WARN_UNDECLARED_SELECTOR = YES;
				GCC_WARN_UNINITIALIZED_AUTOS = YES_AGGRESSIVE;
				GCC_WARN_UNUSED_FUNCTION = YES;
				GCC_WARN_UNUSED_VARIABLE = YES;
				IPHONEOS_DEPLOYMENT_TARGET = 10.3;
				MTL_ENABLE_DEBUG_INFO = YES;
				ONLY_ACTIVE_ARCH = YES;
				SDKROOT = iphoneos;
				SWIFT_ACTIVE_COMPILATION_CONDITIONS = DEBUG;
				SWIFT_OPTIMIZATION_LEVEL = "-Onone";
				TARGETED_DEVICE_FAMILY = "1,2";
			};
			name = Debug;
		};
		C228E1841F24FF7D003C7B5E /* Release */ = {
			isa = XCBuildConfiguration;
			buildSettings = {
				ALWAYS_SEARCH_USER_PATHS = NO;
				CLANG_ANALYZER_NONNULL = YES;
				CLANG_ANALYZER_NUMBER_OBJECT_CONVERSION = YES_AGGRESSIVE;
				CLANG_CXX_LANGUAGE_STANDARD = "gnu++0x";
				CLANG_CXX_LIBRARY = "libc++";
				CLANG_ENABLE_MODULES = YES;
				CLANG_ENABLE_OBJC_ARC = YES;
				CLANG_WARN_BOOL_CONVERSION = YES;
				CLANG_WARN_CONSTANT_CONVERSION = YES;
				CLANG_WARN_DIRECT_OBJC_ISA_USAGE = YES_ERROR;
				CLANG_WARN_DOCUMENTATION_COMMENTS = YES;
				CLANG_WARN_EMPTY_BODY = YES;
				CLANG_WARN_ENUM_CONVERSION = YES;
				CLANG_WARN_INFINITE_RECURSION = YES;
				CLANG_WARN_INT_CONVERSION = YES;
				CLANG_WARN_OBJC_ROOT_CLASS = YES_ERROR;
				CLANG_WARN_SUSPICIOUS_MOVE = YES;
				CLANG_WARN_UNREACHABLE_CODE = YES;
				CLANG_WARN__DUPLICATE_METHOD_MATCH = YES;
				"CODE_SIGN_IDENTITY[sdk=iphoneos*]" = "iPhone Developer";
				COPY_PHASE_STRIP = NO;
				DEBUG_INFORMATION_FORMAT = "dwarf-with-dsym";
				ENABLE_NS_ASSERTIONS = NO;
				ENABLE_STRICT_OBJC_MSGSEND = YES;
				GCC_C_LANGUAGE_STANDARD = gnu99;
				GCC_NO_COMMON_BLOCKS = YES;
				GCC_WARN_64_TO_32_BIT_CONVERSION = YES;
				GCC_WARN_ABOUT_RETURN_TYPE = YES_ERROR;
				GCC_WARN_UNDECLARED_SELECTOR = YES;
				GCC_WARN_UNINITIALIZED_AUTOS = YES_AGGRESSIVE;
				GCC_WARN_UNUSED_FUNCTION = YES;
				GCC_WARN_UNUSED_VARIABLE = YES;
				IPHONEOS_DEPLOYMENT_TARGET = 10.3;
				MTL_ENABLE_DEBUG_INFO = NO;
				SDKROOT = iphoneos;
				SWIFT_OPTIMIZATION_LEVEL = "-Owholemodule";
				TARGETED_DEVICE_FAMILY = "1,2";
				VALIDATE_PRODUCT = YES;
			};
			name = Release;
		};
		C228E1861F24FF7D003C7B5E /* Debug */ = {
			isa = XCBuildConfiguration;
			buildSettings = {
				ASSETCATALOG_COMPILER_APPICON_NAME = AppIcon;
				INFOPLIST_FILE = CollectionViewHorizontalAnimation/Info.plist;
				LD_RUNPATH_SEARCH_PATHS = "$(inherited) @executable_path/Frameworks";
				PRODUCT_BUNDLE_IDENTIFIER = com.SriRama.CollectionViewHorizontalAnimation;
				PRODUCT_NAME = "$(TARGET_NAME)";
				SWIFT_VERSION = 3.0;
			};
			name = Debug;
		};
		C228E1871F24FF7D003C7B5E /* Release */ = {
			isa = XCBuildConfiguration;
			buildSettings = {
				ASSETCATALOG_COMPILER_APPICON_NAME = AppIcon;
				INFOPLIST_FILE = CollectionViewHorizontalAnimation/Info.plist;
				LD_RUNPATH_SEARCH_PATHS = "$(inherited) @executable_path/Frameworks";
				PRODUCT_BUNDLE_IDENTIFIER = com.SriRama.CollectionViewHorizontalAnimation;
				PRODUCT_NAME = "$(TARGET_NAME)";
				SWIFT_VERSION = 3.0;
			};
			name = Release;
		};
/* End XCBuildConfiguration section */

/* Begin XCConfigurationList section */
		C228E16E1F24FF7D003C7B5E /* Build configuration list for PBXProject "CollectionViewHorizontalAnimation" */ = {
			isa = XCConfigurationList;
			buildConfigurations = (
				C228E1831F24FF7D003C7B5E /* Debug */,
				C228E1841F24FF7D003C7B5E /* Release */,
			);
			defaultConfigurationIsVisible = 0;
			defaultConfigurationName = Release;
		};
		C228E1851F24FF7D003C7B5E /* Build configuration list for PBXNativeTarget "CollectionViewHorizontalAnimation" */ = {
			isa = XCConfigurationList;
			buildConfigurations = (
				C228E1861F24FF7D003C7B5E /* Debug */,
				C228E1871F24FF7D003C7B5E /* Release */,
			);
			defaultConfigurationIsVisible = 0;
		};
/* End XCConfigurationList section */
	};
	rootObject = C228E16B1F24FF7D003C7B5E /* Project object */;
}
